
Microsoft Visual Studio Solution File, Format Version 12.00
# Visual Studio Version 17
VisualStudioVersion = 17.10.35122.118
MinimumVisualStudioVersion = 10.0.40219.1
Project("{FAE04EC0-301F-11D3-BF4B-00C04F79EFBC}") = "randocolor", "randocolor.csproj", "{2689C629-C361-40E2-ADDD-82F43B4E1481}"
EndProject
Global
	GlobalSection(SolutionConfigurationPlatforms) = preSolution
		Debug|Any CPU = Debug|Any CPU
		Release|Any CPU = Release|Any CPU
	EndGlobalSection
	GlobalSection(ProjectConfigurationPlatforms) = postSolution
		{2689C629-C361-40E2-ADDD-82F43B4E1481}.Debug|Any CPU.ActiveCfg = Debug|Any CPU
		{2689C629-C361-40E2-ADDD-82F43B4E1481}.Debug|Any CPU.Build.0 = Debug|Any CPU
		{2689C629-C361-40E2-ADDD-82F43B4E1481}.Release|Any CPU.ActiveCfg = Release|Any CPU
		{2689C629-C361-40E2-ADDD-82F43B4E1481}.Release|Any CPU.Build.0 = Release|Any CPU
	EndGlobalSection
	GlobalSection(SolutionProperties) = preSolution
		HideSolutionNode = FALSE
	EndGlobalSection
	GlobalSection(ExtensibilityGlobals) = postSolution
		SolutionGuid = {F834DED2-9CF1-4B6B-AA52-73DECB4618B6}
	EndGlobalSection
EndGlobal
